
Microsoft Visual Studio Solution File, Format Version 12.00
# Visual Studio Version 17
VisualStudioVersion = 17.8.34408.163
MinimumVisualStudioVersion = 10.0.40219.1
Project("{FAE04EC0-301F-11D3-BF4B-00C04F79EFBC}") = "Lab01", "Lab01.csproj", "{912C7822-5EAE-4FCF-BF16-873FC9166F3B}"
EndProject
Global
	GlobalSection(SolutionConfigurationPlatforms) = preSolution
		Debug|Any CPU = Debug|Any CPU
		Release|Any CPU = Release|Any CPU
	EndGlobalSection
	GlobalSection(ProjectConfigurationPlatforms) = postSolution
		{912C7822-5EAE-4FCF-BF16-873FC9166F3B}.Debug|Any CPU.ActiveCfg = Debug|Any CPU
		{912C7822-5EAE-4FCF-BF16-873FC9166F3B}.Debug|Any CPU.Build.0 = Debug|Any CPU
		{912C7822-5EAE-4FCF-BF16-873FC9166F3B}.Release|Any CPU.ActiveCfg = Release|Any CPU
		{912C7822-5EAE-4FCF-BF16-873FC9166F3B}.Release|Any CPU.Build.0 = Release|Any CPU
	EndGlobalSection
	GlobalSection(SolutionProperties) = preSolution
		HideSolutionNode = FALSE
	EndGlobalSection
	GlobalSection(ExtensibilityGlobals) = postSolution
		SolutionGuid = {7AAC7C6A-C41C-49F8-8B0B-683E08D9BA49}
	EndGlobalSection
EndGlobal
